
Microsoft Visual Studio Solution File, Format Version 11.00
# Visual Studio 2010
Project("{FAE04EC0-301F-11D3-BF4B-00C04F79EFBC}") = "UnityEngine.TestRunner", "UnityEngine.TestRunner.csproj", "{2600366A-391C-D24B-987C-5B5214567F84}"
EndProject
Project("{FAE04EC0-301F-11D3-BF4B-00C04F79EFBC}") = "UnityEngine.UI.Tests", "UnityEngine.UI.Tests.csproj", "{5B70E301-9BFE-73A7-B187-EFEC1168825D}"
EndProject
Project("{FAE04EC0-301F-11D3-BF4B-00C04F79EFBC}") = "Unity.Timeline", "Unity.Timeline.csproj", "{B45FBE0F-7632-88B7-1FF0-7DDC2E6F0D30}"
EndProject
Project("{FAE04EC0-301F-11D3-BF4B-00C04F79EFBC}") = "UnityEngine.UI", "UnityEngine.UI.csproj", "{2E3A939E-200B-2F4D-C2A1-D135919A5B9F}"
EndProject
Project("{FAE04EC0-301F-11D3-BF4B-00C04F79EFBC}") = "Unity.TextMeshPro", "Unity.TextMeshPro.csproj", "{8BDC8330-90CD-E8EA-BB71-15EE3B9E8456}"
EndProject
Project("{FAE04EC0-301F-11D3-BF4B-00C04F79EFBC}") = "Unity.TextMeshPro.Tests", "Unity.TextMeshPro.Tests.csproj", "{CEF38DA9-D8FF-4D16-0A79-DDB0DA5AA8E3}"
EndProject
Project("{FAE04EC0-301F-11D3-BF4B-00C04F79EFBC}") = "UnityEditor.TestRunner", "UnityEditor.TestRunner.csproj", "{FEEF1304-F6CC-D564-DEF6-2BC717F9C23D}"
EndProject
Project("{FAE04EC0-301F-11D3-BF4B-00C04F79EFBC}") = "Unity.PlasticSCM.Editor", "Unity.PlasticSCM.Editor.csproj", "{8E239E2F-9322-2A50-8A69-1B1D29CABB71}"
EndProject
Project("{FAE04EC0-301F-11D3-BF4B-00C04F79EFBC}") = "UnityEditor.UI", "UnityEditor.UI.csproj", "{218747D5-373D-BDFE-1DAB-2615804DC37E}"
EndProject
Project("{FAE04EC0-301F-11D3-BF4B-00C04F79EFBC}") = "Unity.Services.Core.Editor", "Unity.Services.Core.Editor.csproj", "{C7A65A2F-2D01-8BB9-3433-27CB88C5789B}"
EndProject
Project("{FAE04EC0-301F-11D3-BF4B-00C04F79EFBC}") = "Unity.Timeline.Editor", "Unity.Timeline.Editor.csproj", "{4CAE801A-FEF1-2A4C-F609-B3FECFF49414}"
EndProject
Project("{FAE04EC0-301F-11D3-BF4B-00C04F79EFBC}") = "Unity.VisualStudio.Editor", "Unity.VisualStudio.Editor.csproj", "{836C4DC4-58A4-A91C-D013-6EBEC17577C5}"
EndProject
Project("{FAE04EC0-301F-11D3-BF4B-00C04F79EFBC}") = "Unity.TextMeshPro.Editor", "Unity.TextMeshPro.Editor.csproj", "{DE17392A-2363-1596-6692-D615FFB7E63D}"
EndProject
Project("{FAE04EC0-301F-11D3-BF4B-00C04F79EFBC}") = "Unity.CollabProxy.Editor", "Unity.CollabProxy.Editor.csproj", "{6B938521-7325-75D0-9240-C5E870449B2B}"
EndProject
Project("{FAE04EC0-301F-11D3-BF4B-00C04F79EFBC}") = "DocCodeExamples", "DocCodeExamples.csproj", "{B2DDFC35-0ADC-D544-87CE-90DF73C2B139}"
EndProject
Project("{FAE04EC0-301F-11D3-BF4B-00C04F79EFBC}") = "Unity.PlasticSCM.EditorTests", "Unity.PlasticSCM.EditorTests.csproj", "{BB85EBFB-5426-8BF3-A4A4-815B44D6F5DD}"
EndProject
Project("{FAE04EC0-301F-11D3-BF4B-00C04F79EFBC}") = "Unity.Rider.Editor", "Unity.Rider.Editor.csproj", "{A9453F95-730C-E4C1-B6F0-DA64EB1D3504}"
EndProject
Project("{FAE04EC0-301F-11D3-BF4B-00C04F79EFBC}") = "UnityEditor.UI.EditorTests", "UnityEditor.UI.EditorTests.csproj", "{451C44B8-839C-611A-CF0A-EE6A068AA7B7}"
EndProject
Project("{FAE04EC0-301F-11D3-BF4B-00C04F79EFBC}") = "Unity.CollabProxy.EditorTests", "Unity.CollabProxy.EditorTests.csproj", "{E55615AB-9809-5348-1DE2-38330B3019AF}"
EndProject
Project("{FAE04EC0-301F-11D3-BF4B-00C04F79EFBC}") = "Unity.VSCode.Editor", "Unity.VSCode.Editor.csproj", "{2A87C0DA-BEFA-5A37-BA4D-5C06924256ED}"
EndProject
Project("{FAE04EC0-301F-11D3-BF4B-00C04F79EFBC}") = "Unity.TextMeshPro.Editor.Tests", "Unity.TextMeshPro.Editor.Tests.csproj", "{BBB19930-93EF-28F2-C181-119EF5D35D6C}"
EndProject
Global
	GlobalSection(SolutionConfigurationPlatforms) = preSolution
		Debug|Any CPU = Debug|Any CPU
		Release|Any CPU = Release|Any CPU
	EndGlobalSection
	GlobalSection(ProjectConfigurationPlatforms) = postSolution
		{2600366A-391C-D24B-987C-5B5214567F84}.Debug|Any CPU.ActiveCfg = Debug|Any CPU
		{2600366A-391C-D24B-987C-5B5214567F84}.Debug|Any CPU.Build.0 = Debug|Any CPU
		{2600366A-391C-D24B-987C-5B5214567F84}.Release|Any CPU.ActiveCfg = Release|Any CPU
		{2600366A-391C-D24B-987C-5B5214567F84}.Release|Any CPU.Build.0 = Release|Any CPU
		{5B70E301-9BFE-73A7-B187-EFEC1168825D}.Debug|Any CPU.ActiveCfg = Debug|Any CPU
		{5B70E301-9BFE-73A7-B187-EFEC1168825D}.Debug|Any CPU.Build.0 = Debug|Any CPU
		{5B70E301-9BFE-73A7-B187-EFEC1168825D}.Release|Any CPU.ActiveCfg = Release|Any CPU
		{5B70E301-9BFE-73A7-B187-EFEC1168825D}.Release|Any CPU.Build.0 = Release|Any CPU
		{B45FBE0F-7632-88B7-1FF0-7DDC2E6F0D30}.Debug|Any CPU.ActiveCfg = Debug|Any CPU
		{B45FBE0F-7632-88B7-1FF0-7DDC2E6F0D30}.Debug|Any CPU.Build.0 = Debug|Any CPU
		{B45FBE0F-7632-88B7-1FF0-7DDC2E6F0D30}.Release|Any CPU.ActiveCfg = Release|Any CPU
		{B45FBE0F-7632-88B7-1FF0-7DDC2E6F0D30}.Release|Any CPU.Build.0 = Release|Any CPU
		{2E3A939E-200B-2F4D-C2A1-D135919A5B9F}.Debug|Any CPU.ActiveCfg = Debug|Any CPU
		{2E3A939E-200B-2F4D-C2A1-D135919A5B9F}.Debug|Any CPU.Build.0 = Debug|Any CPU
		{2E3A939E-200B-2F4D-C2A1-D135919A5B9F}.Release|Any CPU.ActiveCfg = Release|Any CPU
		{2E3A939E-200B-2F4D-C2A1-D135919A5B9F}.Release|Any CPU.Build.0 = Release|Any CPU
		{8BDC8330-90CD-E8EA-BB71-15EE3B9E8456}.Debug|Any CPU.ActiveCfg = Debug|Any CPU
		{8BDC8330-90CD-E8EA-BB71-15EE3B9E8456}.Debug|Any CPU.Build.0 = Debug|Any CPU
		{8BDC8330-90CD-E8EA-BB71-15EE3B9E8456}.Release|Any CPU.ActiveCfg = Release|Any CPU
		{8BDC8330-90CD-E8EA-BB71-15EE3B9E8456}.Release|Any CPU.Build.0 = Release|Any CPU
		{CEF38DA9-D8FF-4D16-0A79-DDB0DA5AA8E3}.Debug|Any CPU.ActiveCfg = Debug|Any CPU
		{CEF38DA9-D8FF-4D16-0A79-DDB0DA5AA8E3}.Debug|Any CPU.Build.0 = Debug|Any CPU
		{CEF38DA9-D8FF-4D16-0A79-DDB0DA5AA8E3}.Release|Any CPU.ActiveCfg = Release|Any CPU
		{CEF38DA9-D8FF-4D16-0A79-DDB0DA5AA8E3}.Release|Any CPU.Build.0 = Release|Any CPU
		{FEEF1304-F6CC-D564-DEF6-2BC717F9C23D}.Debug|Any CPU.ActiveCfg = Debug|Any CPU
		{FEEF1304-F6CC-D564-DEF6-2BC717F9C23D}.Debug|Any CPU.Build.0 = Debug|Any CPU
		{FEEF1304-F6CC-D564-DEF6-2BC717F9C23D}.Release|Any CPU.ActiveCfg = Release|Any CPU
		{FEEF1304-F6CC-D564-DEF6-2BC717F9C23D}.Release|Any CPU.Build.0 = Release|Any CPU
		{8E239E2F-9322-2A50-8A69-1B1D29CABB71}.Debug|Any CPU.ActiveCfg = Debug|Any CPU
		{8E239E2F-9322-2A50-8A69-1B1D29CABB71}.Debug|Any CPU.Build.0 = Debug|Any CPU
		{8E239E2F-9322-2A50-8A69-1B1D29CABB71}.Release|Any CPU.ActiveCfg = Release|Any CPU
		{8E239E2F-9322-2A50-8A69-1B1D29CABB71}.Release|Any CPU.Build.0 = Release|Any CPU
		{218747D5-373D-BDFE-1DAB-2615804DC37E}.Debug|Any CPU.ActiveCfg = Debug|Any CPU
		{218747D5-373D-BDFE-1DAB-2615804DC37E}.Debug|Any CPU.Build.0 = Debug|Any CPU
		{218747D5-373D-BDFE-1DAB-2615804DC37E}.Release|Any CPU.ActiveCfg = Release|Any CPU
		{218747D5-373D-BDFE-1DAB-2615804DC37E}.Release|Any CPU.Build.0 = Release|Any CPU
		{C7A65A2F-2D01-8BB9-3433-27CB88C5789B}.Debug|Any CPU.ActiveCfg = Debug|Any CPU
		{C7A65A2F-2D01-8BB9-3433-27CB88C5789B}.Debug|Any CPU.Build.0 = Debug|Any CPU
		{C7A65A2F-2D01-8BB9-3433-27CB88C5789B}.Release|Any CPU.ActiveCfg = Release|Any CPU
		{C7A65A2F-2D01-8BB9-3433-27CB88C5789B}.Release|Any CPU.Build.0 = Release|Any CPU
		{4CAE801A-FEF1-2A4C-F609-B3FECFF49414}.Debug|Any CPU.ActiveCfg = Debug|Any CPU
		{4CAE801A-FEF1-2A4C-F609-B3FECFF49414}.Debug|Any CPU.Build.0 = Debug|Any CPU
		{4CAE801A-FEF1-2A4C-F609-B3FECFF49414}.Release|Any CPU.ActiveCfg = Release|Any CPU
		{4CAE801A-FEF1-2A4C-F609-B3FECFF49414}.Release|Any CPU.Build.0 = Release|Any CPU
		{836C4DC4-58A4-A91C-D013-6EBEC17577C5}.Debug|Any CPU.ActiveCfg = Debug|Any CPU
		{836C4DC4-58A4-A91C-D013-6EBEC17577C5}.Debug|Any CPU.Build.0 = Debug|Any CPU
		{836C4DC4-58A4-A91C-D013-6EBEC17577C5}.Release|Any CPU.ActiveCfg = Release|Any CPU
		{836C4DC4-58A4-A91C-D013-6EBEC17577C5}.Release|Any CPU.Build.0 = Release|Any CPU
		{DE17392A-2363-1596-6692-D615FFB7E63D}.Debug|Any CPU.ActiveCfg = Debug|Any CPU
		{DE17392A-2363-1596-6692-D615FFB7E63D}.Debug|Any CPU.Build.0 = Debug|Any CPU
		{DE17392A-2363-1596-6692-D615FFB7E63D}.Release|Any CPU.ActiveCfg = Release|Any CPU
		{DE17392A-2363-1596-6692-D615FFB7E63D}.Release|Any CPU.Build.0 = Release|Any CPU
		{6B938521-7325-75D0-9240-C5E870449B2B}.Debug|Any CPU.ActiveCfg = Debug|Any CPU
		{6B938521-7325-75D0-9240-C5E870449B2B}.Debug|Any CPU.Build.0 = Debug|Any CPU
		{6B938521-7325-75D0-9240-C5E870449B2B}.Release|Any CPU.ActiveCfg = Release|Any CPU
		{6B938521-7325-75D0-9240-C5E870449B2B}.Release|Any CPU.Build.0 = Release|Any CPU
		{B2DDFC35-0ADC-D544-87CE-90DF73C2B139}.Debug|Any CPU.ActiveCfg = Debug|Any CPU
		{B2DDFC35-0ADC-D544-87CE-90DF73C2B139}.Debug|Any CPU.Build.0 = Debug|Any CPU
		{B2DDFC35-0ADC-D544-87CE-90DF73C2B139}.Release|Any CPU.ActiveCfg = Release|Any CPU
		{B2DDFC35-0ADC-D544-87CE-90DF73C2B139}.Release|Any CPU.Build.0 = Release|Any CPU
		{BB85EBFB-5426-8BF3-A4A4-815B44D6F5DD}.Debug|Any CPU.ActiveCfg = Debug|Any CPU
		{BB85EBFB-5426-8BF3-A4A4-815B44D6F5DD}.Debug|Any CPU.Build.0 = Debug|Any CPU
		{BB85EBFB-5426-8BF3-A4A4-815B44D6F5DD}.Release|Any CPU.ActiveCfg = Release|Any CPU
		{BB85EBFB-5426-8BF3-A4A4-815B44D6F5DD}.Release|Any CPU.Build.0 = Release|Any CPU
		{A9453F95-730C-E4C1-B6F0-DA64EB1D3504}.Debug|Any CPU.ActiveCfg = Debug|Any CPU
		{A9453F95-730C-E4C1-B6F0-DA64EB1D3504}.Debug|Any CPU.Build.0 = Debug|Any CPU
		{A9453F95-730C-E4C1-B6F0-DA64EB1D3504}.Release|Any CPU.ActiveCfg = Release|Any CPU
		{A9453F95-730C-E4C1-B6F0-DA64EB1D3504}.Release|Any CPU.Build.0 = Release|Any CPU
		{451C44B8-839C-611A-CF0A-EE6A068AA7B7}.Debug|Any CPU.ActiveCfg = Debug|Any CPU
		{451C44B8-839C-611A-CF0A-EE6A068AA7B7}.Debug|Any CPU.Build.0 = Debug|Any CPU
		{451C44B8-839C-611A-CF0A-EE6A068AA7B7}.Release|Any CPU.ActiveCfg = Release|Any CPU
		{451C44B8-839C-611A-CF0A-EE6A068AA7B7}.Release|Any CPU.Build.0 = Release|Any CPU
		{E55615AB-9809-5348-1DE2-38330B3019AF}.Debug|Any CPU.ActiveCfg = Debug|Any CPU
		{E55615AB-9809-5348-1DE2-38330B3019AF}.Debug|Any CPU.Build.0 = Debug|Any CPU
		{E55615AB-9809-5348-1DE2-38330B3019AF}.Release|Any CPU.ActiveCfg = Release|Any CPU
		{E55615AB-9809-5348-1DE2-38330B3019AF}.Release|Any CPU.Build.0 = Release|Any CPU
		{2A87C0DA-BEFA-5A37-BA4D-5C06924256ED}.Debug|Any CPU.ActiveCfg = Debug|Any CPU
		{2A87C0DA-BEFA-5A37-BA4D-5C06924256ED}.Debug|Any CPU.Build.0 = Debug|Any CPU
		{2A87C0DA-BEFA-5A37-BA4D-5C06924256ED}.Release|Any CPU.ActiveCfg = Release|Any CPU
		{2A87C0DA-BEFA-5A37-BA4D-5C06924256ED}.Release|Any CPU.Build.0 = Release|Any CPU
		{BBB19930-93EF-28F2-C181-119EF5D35D6C}.Debug|Any CPU.ActiveCfg = Debug|Any CPU
		{BBB19930-93EF-28F2-C181-119EF5D35D6C}.Debug|Any CPU.Build.0 = Debug|Any CPU
		{BBB19930-93EF-28F2-C181-119EF5D35D6C}.Release|Any CPU.ActiveCfg = Release|Any CPU
		{BBB19930-93EF-28F2-C181-119EF5D35D6C}.Release|Any CPU.Build.0 = Release|Any CPU
	EndGlobalSection
	GlobalSection(SolutionProperties) = preSolution
		HideSolutionNode = FALSE
	EndGlobalSection
EndGlobal
